PODS:
  - Flutter (1.0.0)
  - path_provider_ios (0.0.1):
    - Flutter
  - social_share_kit (0.0.1):
    - Flutter
    - TikTokOpenSDK
  - TikTokOpenSDK (5.0.15)

DEPENDENCIES:
  - Flutter (from `Flutter`)
  - path_provider_ios (from `.symlinks/plugins/path_provider_ios/ios`)
  - social_share_kit (from `.symlinks/plugins/social_share_kit/ios`)

SPEC REPOS:
  trunk:
    - TikTokOpenSDK

EXTERNAL SOURCES:
  Flutter:
    :path: Flutter
  path_provider_ios:
    :path: ".symlinks/plugins/path_provider_ios/ios"
  social_share_kit:
    :path: ".symlinks/plugins/social_share_kit/ios"

SPEC CHECKSUMS:
  Flutter: f04841e97a9d0b0a8025694d0796dd46242b2854
  path_provider_ios: 14f3d2fd28c4fdb42f44e0f751d12861c43cee02
  social_share_kit: 8bf6adf1e57e1b0594765478eada56edaf53a213
  TikTokOpenSDK: dc1199ba9c6d7815aee0eaca6ec80ad13f7d9c1f

PODFILE CHECKSUM: ef19549a9bc3046e7bb7d2fab4d021637c0c58a3

COCOAPODS: 1.11.3
